
Microsoft Visual Studio Solution File, Format Version 12.00
# Visual Studio Version 16
VisualStudioVersion = 16.0.29230.47
MinimumVisualStudioVersion = 10.0.40219.1
Project("{9A19103F-16F7-4668-BE54-9A1E7A4F7556}") = "HotelBooking", "HotelBooking.csproj", "{3827AF29-64EF-4287-AFAA-C1771873A649}"
EndProject
Global
	GlobalSection(SolutionConfigurationPlatforms) = preSolution
		Debug|Any CPU = Debug|Any CPU
		Release|Any CPU = Release|Any CPU
	EndGlobalSection
	GlobalSection(ProjectConfigurationPlatforms) = postSolution
		{3827AF29-64EF-4287-AFAA-C1771873A649}.Debug|Any CPU.ActiveCfg = Debug|Any CPU
		{3827AF29-64EF-4287-AFAA-C1771873A649}.Debug|Any CPU.Build.0 = Debug|Any CPU
		{3827AF29-64EF-4287-AFAA-C1771873A649}.Release|Any CPU.ActiveCfg = Release|Any CPU
		{3827AF29-64EF-4287-AFAA-C1771873A649}.Release|Any CPU.Build.0 = Release|Any CPU
	EndGlobalSection
	GlobalSection(SolutionProperties) = preSolution
		HideSolutionNode = FALSE
	EndGlobalSection
	GlobalSection(ExtensibilityGlobals) = postSolution
		SolutionGuid = {2F30BC19-06B5-4470-92F0-18F9C3020720}
	EndGlobalSection
EndGlobal
